
Microsoft Visual Studio Solution File, Format Version 12.00
# Visual Studio Version 17
VisualStudioVersion = 17.9.34728.123
MinimumVisualStudioVersion = 10.0.40219.1
Project("{FAE04EC0-301F-11D3-BF4B-00C04F79EFBC}") = "prjTask6", "prjTask6\prjTask6.csproj", "{DD89F7DD-18D0-4FF0-BCEE-0C4BADB34887}"
EndProject
Global
	GlobalSection(SolutionConfigurationPlatforms) = preSolution
		Debug|Any CPU = Debug|Any CPU
		Release|Any CPU = Release|Any CPU
	EndGlobalSection
	GlobalSection(ProjectConfigurationPlatforms) = postSolution
		{DD89F7DD-18D0-4FF0-BCEE-0C4BADB34887}.Debug|Any CPU.ActiveCfg = Debug|Any CPU
		{DD89F7DD-18D0-4FF0-BCEE-0C4BADB34887}.Debug|Any CPU.Build.0 = Debug|Any CPU
		{DD89F7DD-18D0-4FF0-BCEE-0C4BADB34887}.Release|Any CPU.ActiveCfg = Release|Any CPU
		{DD89F7DD-18D0-4FF0-BCEE-0C4BADB34887}.Release|Any CPU.Build.0 = Release|Any CPU
	EndGlobalSection
	GlobalSection(SolutionProperties) = preSolution
		HideSolutionNode = FALSE
	EndGlobalSection
	GlobalSection(ExtensibilityGlobals) = postSolution
		SolutionGuid = {FF817D10-9B60-4A03-B0E5-3EF3B1D57BD9}
	EndGlobalSection
EndGlobal
